
Microsoft Visual Studio Solution File, Format Version 12.00
Project("{FAE04EC0-301F-11D3-BF4B-00C04F79EFBC}") = "HS2_MakerSearch", "HS2_MakerSearch\HS2_MakerSearch.csproj", "{6F9B0D2E-CB5F-4681-968A-F64B10A89472}"
EndProject
Project("{FAE04EC0-301F-11D3-BF4B-00C04F79EFBC}") = "AI_MakerSearch", "AI_MakerSearch\AI_MakerSearch.csproj", "{812FF1EB-384F-433A-89B5-E406CD32EFDD}"
EndProject
Project("{FAE04EC0-301F-11D3-BF4B-00C04F79EFBC}") = "KK_MakerSearch", "KK_MakerSearch\KK_MakerSearch.csproj", "{11AEB17D-AC34-4749-A8E6-79C37003828A}"
EndProject
Project("{FAE04EC0-301F-11D3-BF4B-00C04F79EFBC}") = "EC_MakerSearch", "EC_MakerSearch\EC_MakerSearch.csproj", "{7EEC5305-40E4-4D5E-81C1-C83E8EB3A729}"
EndProject
Project("{FAE04EC0-301F-11D3-BF4B-00C04F79EFBC}") = "PH_MakerSearch", "PH_MakerSearch\PH_MakerSearch.csproj", "{FAD62912-C9B0-432D-9B70-463E53C249D3}"
EndProject
Global
	GlobalSection(SolutionConfigurationPlatforms) = preSolution
		Debug|Any CPU = Debug|Any CPU
		Release|Any CPU = Release|Any CPU
	EndGlobalSection
	GlobalSection(ProjectConfigurationPlatforms) = postSolution
		{6F9B0D2E-CB5F-4681-968A-F64B10A89472}.Debug|Any CPU.ActiveCfg = Debug|Any CPU
		{6F9B0D2E-CB5F-4681-968A-F64B10A89472}.Debug|Any CPU.Build.0 = Debug|Any CPU
		{6F9B0D2E-CB5F-4681-968A-F64B10A89472}.Release|Any CPU.ActiveCfg = Release|Any CPU
		{6F9B0D2E-CB5F-4681-968A-F64B10A89472}.Release|Any CPU.Build.0 = Release|Any CPU
		{812FF1EB-384F-433A-89B5-E406CD32EFDD}.Debug|Any CPU.ActiveCfg = Debug|Any CPU
		{812FF1EB-384F-433A-89B5-E406CD32EFDD}.Debug|Any CPU.Build.0 = Debug|Any CPU
		{812FF1EB-384F-433A-89B5-E406CD32EFDD}.Release|Any CPU.ActiveCfg = Release|Any CPU
		{812FF1EB-384F-433A-89B5-E406CD32EFDD}.Release|Any CPU.Build.0 = Release|Any CPU
		{11AEB17D-AC34-4749-A8E6-79C37003828A}.Debug|Any CPU.ActiveCfg = Debug|Any CPU
		{11AEB17D-AC34-4749-A8E6-79C37003828A}.Debug|Any CPU.Build.0 = Debug|Any CPU
		{11AEB17D-AC34-4749-A8E6-79C37003828A}.Release|Any CPU.ActiveCfg = Release|Any CPU
		{11AEB17D-AC34-4749-A8E6-79C37003828A}.Release|Any CPU.Build.0 = Release|Any CPU
		{7EEC5305-40E4-4D5E-81C1-C83E8EB3A729}.Debug|Any CPU.ActiveCfg = Debug|Any CPU
		{7EEC5305-40E4-4D5E-81C1-C83E8EB3A729}.Debug|Any CPU.Build.0 = Debug|Any CPU
		{7EEC5305-40E4-4D5E-81C1-C83E8EB3A729}.Release|Any CPU.ActiveCfg = Release|Any CPU
		{7EEC5305-40E4-4D5E-81C1-C83E8EB3A729}.Release|Any CPU.Build.0 = Release|Any CPU
		{FAD62912-C9B0-432D-9B70-463E53C249D3}.Debug|Any CPU.ActiveCfg = Debug|Any CPU
		{FAD62912-C9B0-432D-9B70-463E53C249D3}.Debug|Any CPU.Build.0 = Debug|Any CPU
		{FAD62912-C9B0-432D-9B70-463E53C249D3}.Release|Any CPU.ActiveCfg = Release|Any CPU
		{FAD62912-C9B0-432D-9B70-463E53C249D3}.Release|Any CPU.Build.0 = Release|Any CPU
	EndGlobalSection
EndGlobal
